# THIS IS AN AUTOGENERATED FILE. DO NOT EDIT THIS FILE DIRECTLY.
# yarn lockfile v1


create-next-app@^12.0.1:
  version "12.0.1"
  resolved "https://registry.yarnpkg.com/create-next-app/-/create-next-app-12.0.1.tgz#e22533b42157cd5e3a8f25bf8f2302cc6ddeca8c"
  integrity sha512-rPyeorJqj7lsakwiYz/BiErBVlNY7hxmF8rqnJ94dMIsQnsDamQsWRz6xh2Q8rDwJI/sil/8pAuPikpODJYabw==
